// !$*UTF8*$!
{
	archiveVersion = 1;
	classes = {
	};
	objectVersion = 46;
	objects = {

/* Begin PBXBuildFile section */
		97B4675E1C9AFC4500DD2C30 /* Log.cpp in Sources */ = {isa = PBXBuildFile; fileRef = 97B4675C1C9AFC4500DD2C30 /* Log.cpp */; };
		97B4675F1C9AFC4500DD2C30 /* Log.h in Headers */ = {isa = PBXBuildFile; fileRef = 97B4675D1C9AFC4500DD2C30 /* Log.h */; };
/* End PBXBuildFile section */

/* Begin PBXFileReference section */
		97B467541C9AFBF800DD2C30 /* libNrDebug.a */ = {isa = PBXFileReference; explicitFileType = archive.ar; includeInIndex = 0; path = libNrDebug.a; sourceTree = BUILT_PRODUCTS_DIR; };
		97B4675C1C9AFC4500DD2C30 /* Log.cpp */ = {isa = PBXFileReference; fileEncoding = 4; lastKnownFileType = sourcecode.cpp.cpp; name = Log.cpp; path = nrdebug/Log.cpp; sourceTree = "<group>"; };
		97B4675D1C9AFC4500DD2C30 /* Log.h */ = {isa = PBXFileReference; fileEncoding = 4; lastKnownFileType = sourcecode.c.h; name = Log.h; path = nrdebug/Log.h; sourceTree = "<group>"; };
/* End PBXFileReference section */

/* Begin PBXFrameworksBuildPhase section */
		97B467511C9AFBF800DD2C30 /* Frameworks */ = {
			isa = PBXFrameworksBuildPhase;
			buildActionMask = 2147483647;
			files = (
			);
			runOnlyForDeploymentPostprocessing = 0;
		};
/* End PBXFrameworksBuildPhase section */

/* Begin PBXGroup section */
		97B4674B1C9AFBF800DD2C30 = {
			isa = PBXGroup;
			children = (
				97B4675B1C9AFC3600DD2C30 /* nrdebug */,
				97B467551C9AFBF800DD2C30 /* Products */,
			);
			sourceTree = "<group>";
		};
		97B467551C9AFBF800DD2C30 /* Products */ = {
			isa = PBXGroup;
			children = (
				97B467541C9AFBF800DD2C30 /* libNrDebug.a */,
			);
			name = Products;
			sourceTree = "<group>";
		};
		97B4675B1C9AFC3600DD2C30 /* nrdebug */ = {
			isa = PBXGroup;
			children = (
				97B4675D1C9AFC4500DD2C30 /* Log.h */,
				97B4675C1C9AFC4500DD2C30 /* Log.cpp */,
			);
			name = nrdebug;
			sourceTree = "<group>";
		};
/* End PBXGroup section */

/* Begin PBXHeadersBuildPhase section */
		97B467521C9AFBF800DD2C30 /* Headers */ = {
			isa = PBXHeadersBuildPhase;
			buildActionMask = 2147483647;
			files = (
				97B4675F1C9AFC4500DD2C30 /* Log.h in Headers */,
			);
			runOnlyForDeploymentPostprocessing = 0;
		};
/* End PBXHeadersBuildPhase section */

/* Begin PBXNativeTarget section */
		97B467531C9AFBF800DD2C30 /* NrDebug */ = {
			isa = PBXNativeTarget;
			buildConfigurationList = 97B467581C9AFBF800DD2C30 /* Build configuration list for PBXNativeTarget "NrDebug" */;
			buildPhases = (
				97B467501C9AFBF800DD2C30 /* Sources */,
				97B467511C9AFBF800DD2C30 /* Frameworks */,
				97B467521C9AFBF800DD2C30 /* Headers */,
			);
			buildRules = (
			);
			dependencies = (
			);
			name = NrDebug;
			productName = NrDebug;
			productReference = 97B467541C9AFBF800DD2C30 /* libNrDebug.a */;
			productType = "com.apple.product-type.library.static";
		};
/* End PBXNativeTarget section */

/* Begin PBXProject section */
		97B4674C1C9AFBF800DD2C30 /* Project object */ = {
			isa = PBXProject;
			attributes = {
				LastUpgradeCheck = 0730;
				ORGANIZATIONNAME = "Liquidsoft Studio";
				TargetAttributes = {
					97B467531C9AFBF800DD2C30 = {
						CreatedOnToolsVersion = 7.3;
					};
				};
			};
			buildConfigurationList = 97B4674F1C9AFBF800DD2C30 /* Build configuration list for PBXProject "libNrDebug" */;
			compatibilityVersion = "Xcode 3.2";
			developmentRegion = English;
			hasScannedForEncodings = 0;
			knownRegions = (
				en,
			);
			mainGroup = 97B4674B1C9AFBF800DD2C30;
			productRefGroup = 97B467551C9AFBF800DD2C30 /* Products */;
			projectDirPath = "";
			projectRoot = "";
			targets = (
				97B467531C9AFBF800DD2C30 /* NrDebug */,
			);
		};
/* End PBXProject section */

/* Begin PBXSourcesBuildPhase section */
		97B467501C9AFBF800DD2C30 /* Sources */ = {
			isa = PBXSourcesBuildPhase;
			buildActionMask = 2147483647;
			files = (
				97B4675E1C9AFC4500DD2C30 /* Log.cpp in Sources */,
			);
			runOnlyForDeploymentPostprocessing = 0;
		};
/* End PBXSourcesBuildPhase section */

/* Begin XCBuildConfiguration section */
		97B467561C9AFBF800DD2C30 /* Debug */ = {
			isa = XCBuildConfiguration;
			buildSettings = {
				ALWAYS_SEARCH_USER_PATHS = NO;
				CLANG_ANALYZER_NONNULL = YES;
				CLANG_CXX_LANGUAGE_STANDARD = "gnu++0x";
				CLANG_CXX_LIBRARY = "libc++";
				CLANG_ENABLE_MODULES = YES;
				CLANG_ENABLE_OBJC_ARC = YES;
				CLANG_WARN_BOOL_CONVERSION = YES;
				CLANG_WARN_CONSTANT_CONVERSION = YES;
				CLANG_WARN_DIRECT_OBJC_ISA_USAGE = YES_ERROR;
				CLANG_WARN_EMPTY_BODY = YES;
				CLANG_WARN_ENUM_CONVERSION = YES;
				CLANG_WARN_INT_CONVERSION = YES;
				CLANG_WARN_OBJC_ROOT_CLASS = YES_ERROR;
				CLANG_WARN_UNREACHABLE_CODE = YES;
				CLANG_WARN__DUPLICATE_METHOD_MATCH = YES;
				CODE_SIGN_IDENTITY = "-";
				COPY_PHASE_STRIP = NO;
				DEBUG_INFORMATION_FORMAT = dwarf;
				ENABLE_STRICT_OBJC_MSGSEND = YES;
				ENABLE_TESTABILITY = YES;
				GCC_C_LANGUAGE_STANDARD = gnu99;
				GCC_DYNAMIC_NO_PIC = NO;
				GCC_NO_COMMON_BLOCKS = YES;
				GCC_OPTIMIZATION_LEVEL = 0;
				GCC_PREPROCESSOR_DEFINITIONS = (
					"DEBUG=1",
					"$(inherited)",
				);
				GCC_WARN_64_TO_32_BIT_CONVERSION = YES;
				GCC_WARN_ABOUT_RETURN_TYPE = YES_ERROR;
				GCC_WARN_UNDECLARED_SELECTOR = YES;
				GCC_WARN_UNINITIALIZED_AUTOS = YES_AGGRESSIVE;
				GCC_WARN_UNUSED_FUNCTION = YES;
				GCC_WARN_UNUSED_VARIABLE = YES;
				MACOSX_DEPLOYMENT_TARGET = 10.11;
				MTL_ENABLE_DEBUG_INFO = YES;
				ONLY_ACTIVE_ARCH = YES;
				SDKROOT = macosx;
			};
			name = Debug;
		};
		97B467571C9AFBF800DD2C30 /* Release */ = {
			isa = XCBuildConfiguration;
			buildSettings = {
				ALWAYS_SEARCH_USER_PATHS = NO;
				CLANG_ANALYZER_NONNULL = YES;
				CLANG_CXX_LANGUAGE_STANDARD = "gnu++0x";
				CLANG_CXX_LIBRARY = "libc++";
				CLANG_ENABLE_MODULES = YES;
				CLANG_ENABLE_OBJC_ARC = YES;
				CLANG_WARN_BOOL_CONVERSION = YES;
				CLANG_WARN_CONSTANT_CONVERSION = YES;
				CLANG_WARN_DIRECT_OBJC_ISA_USAGE = YES_ERROR;
				CLANG_WARN_EMPTY_BODY = YES;
				CLANG_WARN_ENUM_CONVERSION = YES;
				CLANG_WARN_INT_CONVERSION = YES;
				CLANG_WARN_OBJC_ROOT_CLASS = YES_ERROR;
				CLANG_WARN_UNREACHABLE_CODE = YES;
				CLANG_WARN__DUPLICATE_METHOD_MATCH = YES;
				CODE_SIGN_IDENTITY = "-";
				COPY_PHASE_STRIP = NO;
				DEBUG_INFORMATION_FORMAT = "dwarf-with-dsym";
				ENABLE_NS_ASSERTIONS = NO;
				ENABLE_STRICT_OBJC_MSGSEND = YES;
				GCC_C_LANGUAGE_STANDARD = gnu99;
				GCC_NO_COMMON_BLOCKS = YES;
				GCC_WARN_64_TO_32_BIT_CONVERSION = YES;
				GCC_WARN_ABOUT_RETURN_TYPE = YES_ERROR;
				GCC_WARN_UNDECLARED_SELECTOR = YES;
				GCC_WARN_UNINITIALIZED_AUTOS = YES_AGGRESSIVE;
				GCC_WARN_UNUSED_FUNCTION = YES;
				GCC_WARN_UNUSED_VARIABLE = YES;
				MACOSX_DEPLOYMENT_TARGET = 10.11;
				MTL_ENABLE_DEBUG_INFO = NO;
				SDKROOT = macosx;
			};
			name = Release;
		};
		97B467591C9AFBF800DD2C30 /* Debug */ = {
			isa = XCBuildConfiguration;
			buildSettings = {
				EXECUTABLE_PREFIX = lib;
				PRODUCT_NAME = "$(TARGET_NAME)";
			};
			name = Debug;
		};
		97B4675A1C9AFBF800DD2C30 /* Release */ = {
			isa = XCBuildConfiguration;
			buildSettings = {
				EXECUTABLE_PREFIX = lib;
				PRODUCT_NAME = "$(TARGET_NAME)";
			};
			name = Release;
		};
/* End XCBuildConfiguration section */

/* Begin XCConfigurationList section */
		97B4674F1C9AFBF800DD2C30 /* Build configuration list for PBXProject "libNrDebug" */ = {
			isa = XCConfigurationList;
			buildConfigurations = (
				97B467561C9AFBF800DD2C30 /* Debug */,
				97B467571C9AFBF800DD2C30 /* Release */,
			);
			defaultConfigurationIsVisible = 0;
			defaultConfigurationName = Release;
		};
		97B467581C9AFBF800DD2C30 /* Build configuration list for PBXNativeTarget "NrDebug" */ = {
			isa = XCConfigurationList;
			buildConfigurations = (
				97B467591C9AFBF800DD2C30 /* Debug */,
				97B4675A1C9AFBF800DD2C30 /* Release */,
			);
			defaultConfigurationIsVisible = 0;
			defaultConfigurationName = Release;
		};
/* End XCConfigurationList section */
	};
	rootObject = 97B4674C1C9AFBF800DD2C30 /* Project object */;
}
