// !$*UTF8*$!
{
	archiveVersion = 1;
	classes = {
	};
	objectVersion = 46;
	objects = {

/* Begin PBXBuildFile section */
		979B6A95214307B7001181FE /* main.cpp in Sources */ = {isa = PBXBuildFile; fileRef = 979B6A94214307B7001181FE /* main.cpp */; };
		979B6A9D2143089E001181FE /* libnrcore.a in Frameworks */ = {isa = PBXBuildFile; fileRef = 979B6A9C2143089E001181FE /* libnrcore.a */; };
		979B6A9E21430996001181FE /* libnrdebug.a in Frameworks */ = {isa = PBXBuildFile; fileRef = 97B467541C9AFBF800DD2C30 /* libnrdebug.a */; };
		97A3377322A3C009007341E7 /* UnitTests.h in Headers */ = {isa = PBXBuildFile; fileRef = 97A3376E22A3C009007341E7 /* UnitTests.h */; };
		97A3377522A3C009007341E7 /* UnitTests.cpp in Sources */ = {isa = PBXBuildFile; fileRef = 97A3377022A3C009007341E7 /* UnitTests.cpp */; };
		97A3377622A3C009007341E7 /* Log.cpp in Sources */ = {isa = PBXBuildFile; fileRef = 97A3377122A3C009007341E7 /* Log.cpp */; };
		97A3377722A3C009007341E7 /* Log.h in Headers */ = {isa = PBXBuildFile; fileRef = 97A3377222A3C009007341E7 /* Log.h */; };
/* End PBXBuildFile section */

/* Begin PBXCopyFilesBuildPhase section */
		979B6A90214307B7001181FE /* CopyFiles */ = {
			isa = PBXCopyFilesBuildPhase;
			buildActionMask = 2147483647;
			dstPath = /usr/share/man/man1/;
			dstSubfolderSpec = 0;
			files = (
			);
			runOnlyForDeploymentPostprocessing = 1;
		};
/* End PBXCopyFilesBuildPhase section */

/* Begin PBXFileReference section */
		979B6A92214307B7001181FE /* UnitTest */ = {isa = PBXFileReference; explicitFileType = "compiled.mach-o.executable"; includeInIndex = 0; path = UnitTest; sourceTree = BUILT_PRODUCTS_DIR; };
		979B6A94214307B7001181FE /* main.cpp */ = {isa = PBXFileReference; lastKnownFileType = sourcecode.cpp.cpp; path = main.cpp; sourceTree = "<group>"; };
		979B6A9C2143089E001181FE /* libnrcore.a */ = {isa = PBXFileReference; lastKnownFileType = archive.ar; name = libnrcore.a; path = ../../../../../usr/local/lib/libnrcore.a; sourceTree = "<group>"; };
		97A3376E22A3C009007341E7 /* UnitTests.h */ = {isa = PBXFileReference; fileEncoding = 4; lastKnownFileType = sourcecode.c.h; path = UnitTests.h; sourceTree = "<group>"; };
		97A3377022A3C009007341E7 /* UnitTests.cpp */ = {isa = PBXFileReference; fileEncoding = 4; lastKnownFileType = sourcecode.cpp.cpp; path = UnitTests.cpp; sourceTree = "<group>"; };
		97A3377122A3C009007341E7 /* Log.cpp */ = {isa = PBXFileReference; fileEncoding = 4; lastKnownFileType = sourcecode.cpp.cpp; path = Log.cpp; sourceTree = "<group>"; };
		97A3377222A3C009007341E7 /* Log.h */ = {isa = PBXFileReference; fileEncoding = 4; lastKnownFileType = sourcecode.c.h; path = Log.h; sourceTree = "<group>"; };
		97B467541C9AFBF800DD2C30 /* libnrdebug.a */ = {isa = PBXFileReference; explicitFileType = archive.ar; includeInIndex = 0; path = libnrdebug.a; sourceTree = BUILT_PRODUCTS_DIR; };
/* End PBXFileReference section */

/* Begin PBXFrameworksBuildPhase section */
		979B6A8F214307B7001181FE /* Frameworks */ = {
			isa = PBXFrameworksBuildPhase;
			buildActionMask = 2147483647;
			files = (
				979B6A9E21430996001181FE /* libnrdebug.a in Frameworks */,
				979B6A9D2143089E001181FE /* libnrcore.a in Frameworks */,
			);
			runOnlyForDeploymentPostprocessing = 0;
		};
		97B467511C9AFBF800DD2C30 /* Frameworks */ = {
			isa = PBXFrameworksBuildPhase;
			buildActionMask = 2147483647;
			files = (
			);
			runOnlyForDeploymentPostprocessing = 0;
		};
/* End PBXFrameworksBuildPhase section */

/* Begin PBXGroup section */
		979B6A93214307B7001181FE /* UnitTest */ = {
			isa = PBXGroup;
			children = (
				979B6A94214307B7001181FE /* main.cpp */,
			);
			path = UnitTest;
			sourceTree = "<group>";
		};
		979B6A9B2143089E001181FE /* Frameworks */ = {
			isa = PBXGroup;
			children = (
				979B6A9C2143089E001181FE /* libnrcore.a */,
			);
			name = Frameworks;
			sourceTree = "<group>";
		};
		97A3376D22A3BF8E007341E7 /* libnrdebug */ = {
			isa = PBXGroup;
			children = (
				97A3377122A3C009007341E7 /* Log.cpp */,
				97A3377222A3C009007341E7 /* Log.h */,
				97A3377022A3C009007341E7 /* UnitTests.cpp */,
				97A3376E22A3C009007341E7 /* UnitTests.h */,
			);
			path = libnrdebug;
			sourceTree = "<group>";
		};
		97B4674B1C9AFBF800DD2C30 = {
			isa = PBXGroup;
			children = (
				97A3376D22A3BF8E007341E7 /* libnrdebug */,
				979B6A93214307B7001181FE /* UnitTest */,
				97B467551C9AFBF800DD2C30 /* Products */,
				979B6A9B2143089E001181FE /* Frameworks */,
			);
			sourceTree = "<group>";
		};
		97B467551C9AFBF800DD2C30 /* Products */ = {
			isa = PBXGroup;
			children = (
				97B467541C9AFBF800DD2C30 /* libnrdebug.a */,
				979B6A92214307B7001181FE /* UnitTest */,
			);
			name = Products;
			sourceTree = "<group>";
		};
/* End PBXGroup section */

/* Begin PBXHeadersBuildPhase section */
		97B467521C9AFBF800DD2C30 /* Headers */ = {
			isa = PBXHeadersBuildPhase;
			buildActionMask = 2147483647;
			files = (
				97A3377722A3C009007341E7 /* Log.h in Headers */,
				97A3377322A3C009007341E7 /* UnitTests.h in Headers */,
			);
			runOnlyForDeploymentPostprocessing = 0;
		};
/* End PBXHeadersBuildPhase section */

/* Begin PBXNativeTarget section */
		979B6A91214307B7001181FE /* UnitTest */ = {
			isa = PBXNativeTarget;
			buildConfigurationList = 979B6A98214307B7001181FE /* Build configuration list for PBXNativeTarget "UnitTest" */;
			buildPhases = (
				979B6A8E214307B7001181FE /* Sources */,
				979B6A8F214307B7001181FE /* Frameworks */,
				979B6A90214307B7001181FE /* CopyFiles */,
			);
			buildRules = (
			);
			dependencies = (
			);
			name = UnitTest;
			productName = UnitTest;
			productReference = 979B6A92214307B7001181FE /* UnitTest */;
			productType = "com.apple.product-type.tool";
		};
		97B467531C9AFBF800DD2C30 /* NrDebug */ = {
			isa = PBXNativeTarget;
			buildConfigurationList = 97B467581C9AFBF800DD2C30 /* Build configuration list for PBXNativeTarget "NrDebug" */;
			buildPhases = (
				97B467501C9AFBF800DD2C30 /* Sources */,
				97B467511C9AFBF800DD2C30 /* Frameworks */,
				97B467521C9AFBF800DD2C30 /* Headers */,
			);
			buildRules = (
			);
			dependencies = (
			);
			name = NrDebug;
			productName = NrDebug;
			productReference = 97B467541C9AFBF800DD2C30 /* libnrdebug.a */;
			productType = "com.apple.product-type.library.static";
		};
/* End PBXNativeTarget section */

/* Begin PBXProject section */
		97B4674C1C9AFBF800DD2C30 /* Project object */ = {
			isa = PBXProject;
			attributes = {
				LastUpgradeCheck = 1020;
				ORGANIZATIONNAME = "Liquidsoft Studio";
				TargetAttributes = {
					979B6A91214307B7001181FE = {
						CreatedOnToolsVersion = 10.0;
						DevelopmentTeam = 4MASABRRSM;
						ProvisioningStyle = Automatic;
					};
					97B467531C9AFBF800DD2C30 = {
						CreatedOnToolsVersion = 7.3;
					};
				};
			};
			buildConfigurationList = 97B4674F1C9AFBF800DD2C30 /* Build configuration list for PBXProject "libNrDebug" */;
			compatibilityVersion = "Xcode 3.2";
			developmentRegion = en;
			hasScannedForEncodings = 0;
			knownRegions = (
				en,
				Base,
			);
			mainGroup = 97B4674B1C9AFBF800DD2C30;
			productRefGroup = 97B467551C9AFBF800DD2C30 /* Products */;
			projectDirPath = "";
			projectRoot = "";
			targets = (
				97B467531C9AFBF800DD2C30 /* NrDebug */,
				979B6A91214307B7001181FE /* UnitTest */,
			);
		};
/* End PBXProject section */

/* Begin PBXSourcesBuildPhase section */
		979B6A8E214307B7001181FE /* Sources */ = {
			isa = PBXSourcesBuildPhase;
			buildActionMask = 2147483647;
			files = (
				979B6A95214307B7001181FE /* main.cpp in Sources */,
			);
			runOnlyForDeploymentPostprocessing = 0;
		};
		97B467501C9AFBF800DD2C30 /* Sources */ = {
			isa = PBXSourcesBuildPhase;
			buildActionMask = 2147483647;
			files = (
				97A3377622A3C009007341E7 /* Log.cpp in Sources */,
				97A3377522A3C009007341E7 /* UnitTests.cpp in Sources */,
			);
			runOnlyForDeploymentPostprocessing = 0;
		};
/* End PBXSourcesBuildPhase section */

/* Begin XCBuildConfiguration section */
		979B6A96214307B7001181FE /* Debug */ = {
			isa = XCBuildConfiguration;
			buildSettings = {
				CLANG_ANALYZER_NUMBER_OBJECT_CONVERSION = YES_AGGRESSIVE;
				CLANG_CXX_LANGUAGE_STANDARD = "gnu++14";
				CLANG_ENABLE_OBJC_WEAK = YES;
				CLANG_WARN_BLOCK_CAPTURE_AUTORELEASING = YES;
				CLANG_WARN_COMMA = YES;
				CLANG_WARN_DEPRECATED_OBJC_IMPLEMENTATIONS = YES;
				CLANG_WARN_DOCUMENTATION_COMMENTS = YES;
				CLANG_WARN_INFINITE_RECURSION = YES;
				CLANG_WARN_NON_LITERAL_NULL_CONVERSION = YES;
				CLANG_WARN_OBJC_IMPLICIT_RETAIN_SELF = YES;
				CLANG_WARN_OBJC_LITERAL_CONVERSION = YES;
				CLANG_WARN_RANGE_LOOP_ANALYSIS = YES;
				CLANG_WARN_STRICT_PROTOTYPES = YES;
				CLANG_WARN_SUSPICIOUS_MOVE = YES;
				CLANG_WARN_UNGUARDED_AVAILABILITY = YES_AGGRESSIVE;
				CODE_SIGN_IDENTITY = "Mac Developer";
				CODE_SIGN_STYLE = Automatic;
				DEVELOPMENT_TEAM = 4MASABRRSM;
				GCC_C_LANGUAGE_STANDARD = gnu11;
				HEADER_SEARCH_PATHS = (
					/usr/local/include,
					./,
				);
				LIBRARY_SEARCH_PATHS = /usr/local/lib;
				MACOSX_DEPLOYMENT_TARGET = 10.13;
				MTL_ENABLE_DEBUG_INFO = INCLUDE_SOURCE;
				MTL_FAST_MATH = YES;
				PRODUCT_NAME = "$(TARGET_NAME)";
			};
			name = Debug;
		};
		979B6A97214307B7001181FE /* Release */ = {
			isa = XCBuildConfiguration;
			buildSettings = {
				CLANG_ANALYZER_NUMBER_OBJECT_CONVERSION = YES_AGGRESSIVE;
				CLANG_CXX_LANGUAGE_STANDARD = "gnu++14";
				CLANG_ENABLE_OBJC_WEAK = YES;
				CLANG_WARN_BLOCK_CAPTURE_AUTORELEASING = YES;
				CLANG_WARN_COMMA = YES;
				CLANG_WARN_DEPRECATED_OBJC_IMPLEMENTATIONS = YES;
				CLANG_WARN_DOCUMENTATION_COMMENTS = YES;
				CLANG_WARN_INFINITE_RECURSION = YES;
				CLANG_WARN_NON_LITERAL_NULL_CONVERSION = YES;
				CLANG_WARN_OBJC_IMPLICIT_RETAIN_SELF = YES;
				CLANG_WARN_OBJC_LITERAL_CONVERSION = YES;
				CLANG_WARN_RANGE_LOOP_ANALYSIS = YES;
				CLANG_WARN_STRICT_PROTOTYPES = YES;
				CLANG_WARN_SUSPICIOUS_MOVE = YES;
				CLANG_WARN_UNGUARDED_AVAILABILITY = YES_AGGRESSIVE;
				CODE_SIGN_IDENTITY = "Mac Developer";
				CODE_SIGN_STYLE = Automatic;
				DEVELOPMENT_TEAM = 4MASABRRSM;
				GCC_C_LANGUAGE_STANDARD = gnu11;
				HEADER_SEARCH_PATHS = (
					/usr/local/include,
					./,
				);
				LIBRARY_SEARCH_PATHS = /usr/local/lib;
				MACOSX_DEPLOYMENT_TARGET = 10.13;
				MTL_FAST_MATH = YES;
				PRODUCT_NAME = "$(TARGET_NAME)";
			};
			name = Release;
		};
		97B467561C9AFBF800DD2C30 /* Debug */ = {
			isa = XCBuildConfiguration;
			buildSettings = {
				ALWAYS_SEARCH_USER_PATHS = NO;
				CLANG_ANALYZER_LOCALIZABILITY_NONLOCALIZED = YES;
				CLANG_ANALYZER_NONNULL = YES;
				CLANG_CXX_LANGUAGE_STANDARD = "gnu++0x";
				CLANG_CXX_LIBRARY = "libc++";
				CLANG_ENABLE_MODULES = YES;
				CLANG_ENABLE_OBJC_ARC = YES;
				CLANG_WARN_BLOCK_CAPTURE_AUTORELEASING = YES;
				CLANG_WARN_BOOL_CONVERSION = YES;
				CLANG_WARN_COMMA = YES;
				CLANG_WARN_CONSTANT_CONVERSION = YES;
				CLANG_WARN_DEPRECATED_OBJC_IMPLEMENTATIONS = YES;
				CLANG_WARN_DIRECT_OBJC_ISA_USAGE = YES_ERROR;
				CLANG_WARN_EMPTY_BODY = YES;
				CLANG_WARN_ENUM_CONVERSION = YES;
				CLANG_WARN_INFINITE_RECURSION = YES;
				CLANG_WARN_INT_CONVERSION = YES;
				CLANG_WARN_NON_LITERAL_NULL_CONVERSION = YES;
				CLANG_WARN_OBJC_IMPLICIT_RETAIN_SELF = YES;
				CLANG_WARN_OBJC_LITERAL_CONVERSION = YES;
				CLANG_WARN_OBJC_ROOT_CLASS = YES_ERROR;
				CLANG_WARN_RANGE_LOOP_ANALYSIS = YES;
				CLANG_WARN_STRICT_PROTOTYPES = YES;
				CLANG_WARN_SUSPICIOUS_MOVE = YES;
				CLANG_WARN_UNREACHABLE_CODE = YES;
				CLANG_WARN__DUPLICATE_METHOD_MATCH = YES;
				CODE_SIGN_IDENTITY = "-";
				COPY_PHASE_STRIP = NO;
				DEBUG_INFORMATION_FORMAT = dwarf;
				ENABLE_STRICT_OBJC_MSGSEND = YES;
				ENABLE_TESTABILITY = YES;
				GCC_C_LANGUAGE_STANDARD = gnu99;
				GCC_DYNAMIC_NO_PIC = NO;
				GCC_NO_COMMON_BLOCKS = YES;
				GCC_OPTIMIZATION_LEVEL = 0;
				GCC_PREPROCESSOR_DEFINITIONS = (
					"DEBUG=1",
					"$(inherited)",
				);
				GCC_WARN_64_TO_32_BIT_CONVERSION = YES;
				GCC_WARN_ABOUT_RETURN_TYPE = YES_ERROR;
				GCC_WARN_UNDECLARED_SELECTOR = YES;
				GCC_WARN_UNINITIALIZED_AUTOS = YES_AGGRESSIVE;
				GCC_WARN_UNUSED_FUNCTION = YES;
				GCC_WARN_UNUSED_VARIABLE = YES;
				MACOSX_DEPLOYMENT_TARGET = 10.12;
				MTL_ENABLE_DEBUG_INFO = YES;
				ONLY_ACTIVE_ARCH = YES;
				SDKROOT = macosx;
			};
			name = Debug;
		};
		97B467571C9AFBF800DD2C30 /* Release */ = {
			isa = XCBuildConfiguration;
			buildSettings = {
				ALWAYS_SEARCH_USER_PATHS = NO;
				CLANG_ANALYZER_LOCALIZABILITY_NONLOCALIZED = YES;
				CLANG_ANALYZER_NONNULL = YES;
				CLANG_CXX_LANGUAGE_STANDARD = "gnu++0x";
				CLANG_CXX_LIBRARY = "libc++";
				CLANG_ENABLE_MODULES = YES;
				CLANG_ENABLE_OBJC_ARC = YES;
				CLANG_WARN_BLOCK_CAPTURE_AUTORELEASING = YES;
				CLANG_WARN_BOOL_CONVERSION = YES;
				CLANG_WARN_COMMA = YES;
				CLANG_WARN_CONSTANT_CONVERSION = YES;
				CLANG_WARN_DEPRECATED_OBJC_IMPLEMENTATIONS = YES;
				CLANG_WARN_DIRECT_OBJC_ISA_USAGE = YES_ERROR;
				CLANG_WARN_EMPTY_BODY = YES;
				CLANG_WARN_ENUM_CONVERSION = YES;
				CLANG_WARN_INFINITE_RECURSION = YES;
				CLANG_WARN_INT_CONVERSION = YES;
				CLANG_WARN_NON_LITERAL_NULL_CONVERSION = YES;
				CLANG_WARN_OBJC_IMPLICIT_RETAIN_SELF = YES;
				CLANG_WARN_OBJC_LITERAL_CONVERSION = YES;
				CLANG_WARN_OBJC_ROOT_CLASS = YES_ERROR;
				CLANG_WARN_RANGE_LOOP_ANALYSIS = YES;
				CLANG_WARN_STRICT_PROTOTYPES = YES;
				CLANG_WARN_SUSPICIOUS_MOVE = YES;
				CLANG_WARN_UNREACHABLE_CODE = YES;
				CLANG_WARN__DUPLICATE_METHOD_MATCH = YES;
				CODE_SIGN_IDENTITY = "-";
				COPY_PHASE_STRIP = NO;
				DEBUG_INFORMATION_FORMAT = "dwarf-with-dsym";
				ENABLE_NS_ASSERTIONS = NO;
				ENABLE_STRICT_OBJC_MSGSEND = YES;
				GCC_C_LANGUAGE_STANDARD = gnu99;
				GCC_NO_COMMON_BLOCKS = YES;
				GCC_WARN_64_TO_32_BIT_CONVERSION = YES;
				GCC_WARN_ABOUT_RETURN_TYPE = YES_ERROR;
				GCC_WARN_UNDECLARED_SELECTOR = YES;
				GCC_WARN_UNINITIALIZED_AUTOS = YES_AGGRESSIVE;
				GCC_WARN_UNUSED_FUNCTION = YES;
				GCC_WARN_UNUSED_VARIABLE = YES;
				MACOSX_DEPLOYMENT_TARGET = 10.12;
				MTL_ENABLE_DEBUG_INFO = NO;
				SDKROOT = macosx;
			};
			name = Release;
		};
		97B467591C9AFBF800DD2C30 /* Debug */ = {
			isa = XCBuildConfiguration;
			buildSettings = {
				EXECUTABLE_PREFIX = lib;
				HEADER_SEARCH_PATHS = (
					"\"$(SRCROOT)/../libNRCore\"",
					"\"$(SRCROOT)/../libNrThreads\"",
					"\"$(SRCROOT)/../libNrIO\"",
				);
				PRODUCT_MODULE_NAME = nrdebug;
				PRODUCT_NAME = nrdebug;
			};
			name = Debug;
		};
		97B4675A1C9AFBF800DD2C30 /* Release */ = {
			isa = XCBuildConfiguration;
			buildSettings = {
				EXECUTABLE_PREFIX = lib;
				HEADER_SEARCH_PATHS = (
					"\"$(SRCROOT)/../libNRCore\"",
					"\"$(SRCROOT)/../libNrThreads\"",
					"\"$(SRCROOT)/../libNrIO\"",
				);
				PRODUCT_MODULE_NAME = nrdebug;
				PRODUCT_NAME = nrdebug;
			};
			name = Release;
		};
/* End XCBuildConfiguration section */

/* Begin XCConfigurationList section */
		979B6A98214307B7001181FE /* Build configuration list for PBXNativeTarget "UnitTest" */ = {
			isa = XCConfigurationList;
			buildConfigurations = (
				979B6A96214307B7001181FE /* Debug */,
				979B6A97214307B7001181FE /* Release */,
			);
			defaultConfigurationIsVisible = 0;
			defaultConfigurationName = Release;
		};
		97B4674F1C9AFBF800DD2C30 /* Build configuration list for PBXProject "libNrDebug" */ = {
			isa = XCConfigurationList;
			buildConfigurations = (
				97B467561C9AFBF800DD2C30 /* Debug */,
				97B467571C9AFBF800DD2C30 /* Release */,
			);
			defaultConfigurationIsVisible = 0;
			defaultConfigurationName = Release;
		};
		97B467581C9AFBF800DD2C30 /* Build configuration list for PBXNativeTarget "NrDebug" */ = {
			isa = XCConfigurationList;
			buildConfigurations = (
				97B467591C9AFBF800DD2C30 /* Debug */,
				97B4675A1C9AFBF800DD2C30 /* Release */,
			);
			defaultConfigurationIsVisible = 0;
			defaultConfigurationName = Release;
		};
/* End XCConfigurationList section */
	};
	rootObject = 97B4674C1C9AFBF800DD2C30 /* Project object */;
}
